
Microsoft Visual Studio Solution File, Format Version 12.00
# Visual Studio Version 17
VisualStudioVersion = 17.5.33502.453
MinimumVisualStudioVersion = 10.0.40219.1
Project("{FAE04EC0-301F-11D3-BF4B-00C04F79EFBC}") = "Active", "Active\Active.csproj", "{67972A86-A492-4388-BEBF-1800AB76C20E}"
EndProject
Global
	GlobalSection(SolutionConfigurationPlatforms) = preSolution
		Debug|Any CPU = Debug|Any CPU
		Release|Any CPU = Release|Any CPU
	EndGlobalSection
	GlobalSection(ProjectConfigurationPlatforms) = postSolution
		{67972A86-A492-4388-BEBF-1800AB76C20E}.Debug|Any CPU.ActiveCfg = Debug|Any CPU
		{67972A86-A492-4388-BEBF-1800AB76C20E}.Debug|Any CPU.Build.0 = Debug|Any CPU
		{67972A86-A492-4388-BEBF-1800AB76C20E}.Release|Any CPU.ActiveCfg = Release|Any CPU
		{67972A86-A492-4388-BEBF-1800AB76C20E}.Release|Any CPU.Build.0 = Release|Any CPU
	EndGlobalSection
	GlobalSection(SolutionProperties) = preSolution
		HideSolutionNode = FALSE
	EndGlobalSection
	GlobalSection(ExtensibilityGlobals) = postSolution
		SolutionGuid = {4441A234-BB5D-4775-AAE4-E9815013E011}
	EndGlobalSection
EndGlobal
